{
  "nodes": {
    "blender-bin": {
      "inputs": {
        "nixpkgs": [
          "nixpkgs"
        ]
      },
      "locked": {
        "dir": "blender",
        "lastModified": 1666610385,
        "narHash": "sha256-MXCHz3pcI4hGRnrt3sNqZFSlT9eJKSZ9xbuCjFg/R9w=",
        "owner": "edolstra",
        "repo": "nix-warez",
        "rev": "87f577ae7ba471236a86b758bb0da83e034ce54c",
        "type": "github"
      },
      "original": {
        "dir": "blender",
        "owner": "edolstra",
        "repo": "nix-warez",
        "type": "github"
      }
    },
    "home-manager": {
      "inputs": {
        "nixpkgs": [
          "nixpkgs"
        ],
        "utils": "utils"
      },
      "locked": {
        "lastModified": 1668900402,
        "narHash": "sha256-IhVlueHoQNoN0SOHZIceKU3LyEL00g2ei0aUlaNypbQ=",
        "owner": "nix-community",
        "repo": "home-manager",
        "rev": "c0f9cbcf93ca22e4f0ca66843be61a4bdf6f0a44",
        "type": "github"
      },
      "original": {
        "owner": "nix-community",
        "repo": "home-manager",
        "type": "github"
      }
    },
    "nixpkgs": {
      "locked": {
        "lastModified": 1668905981,
        "narHash": "sha256-RBQa/+9Uk1eFTqIOXBSBezlEbA3v5OkgP+qptQs1OxY=",
        "owner": "NixOS",
        "repo": "nixpkgs",
        "rev": "690ffff026b4e635b46f69002c0f4e81c65dfc2e",
        "type": "github"
      },
      "original": {
        "owner": "NixOS",
        "ref": "nixos-unstable",
        "repo": "nixpkgs",
        "type": "github"
      }
    },
    "root": {
      "inputs": {
        "blender-bin": "blender-bin",
        "home-manager": "home-manager",
        "nixpkgs": "nixpkgs"
      }
    },
    "utils": {
      "locked": {
        "lastModified": 1667395993,
        "narHash": "sha256-nuEHfE/LcWyuSWnS8t12N1wc105Qtau+/OdUAjtQ0rA=",
        "owner": "numtide",
        "repo": "flake-utils",
        "rev": "5aed5285a952e0b949eb3ba02c12fa4fcfef535f",
        "type": "github"
      },
      "original": {
        "owner": "numtide",
        "repo": "flake-utils",
        "type": "github"
      }
    }
  },
  "root": "root",
  "version": 7
}
